
Microsoft Visual Studio Solution File, Format Version 12.00
Project("{FAE04EC0-301F-11D3-BF4B-00C04F79EFBC}") = "IRSSSlackBot", "IRSSSlackBot\IRSSSlackBot.csproj", "{736D3397-5C29-4A69-A9EF-5B59E5FF4EBD}"
EndProject
Global
	GlobalSection(SolutionConfigurationPlatforms) = preSolution
		Debug|Any CPU = Debug|Any CPU
		Release|Any CPU = Release|Any CPU
	EndGlobalSection
	GlobalSection(ProjectConfigurationPlatforms) = postSolution
		{736D3397-5C29-4A69-A9EF-5B59E5FF4EBD}.Debug|Any CPU.ActiveCfg = Debug|Any CPU
		{736D3397-5C29-4A69-A9EF-5B59E5FF4EBD}.Debug|Any CPU.Build.0 = Debug|Any CPU
		{736D3397-5C29-4A69-A9EF-5B59E5FF4EBD}.Release|Any CPU.ActiveCfg = Release|Any CPU
		{736D3397-5C29-4A69-A9EF-5B59E5FF4EBD}.Release|Any CPU.Build.0 = Release|Any CPU
	EndGlobalSection
EndGlobal
